// !$*UTF8*$!
{
	archiveVersion = 1;
	classes = {
	};
	objectVersion = 46;
	objects = {

/* Begin PBXBuildFile section */
		E14A03D61F80A00D00053432 /* AppDelegate.swift in Sources */ = {isa = PBXBuildFile; fileRef = E14A03D51F80A00D00053432 /* AppDelegate.swift */; };
		E14A03D81F80A00D00053432 /* ViewController.swift in Sources */ = {isa = PBXBuildFile; fileRef = E14A03D71F80A00D00053432 /* ViewController.swift */; };
		E14A03DB1F80A00D00053432 /* Main.storyboard in Resources */ = {isa = PBXBuildFile; fileRef = E14A03D91F80A00D00053432 /* Main.storyboard */; };
		E14A03DD1F80A00D00053432 /* Assets.xcassets in Resources */ = {isa = PBXBuildFile; fileRef = E14A03DC1F80A00D00053432 /* Assets.xcassets */; };
		E14A03E01F80A00D00053432 /* LaunchScreen.storyboard in Resources */ = {isa = PBXBuildFile; fileRef = E14A03DE1F80A00D00053432 /* LaunchScreen.storyboard */; };
/* End PBXBuildFile section */

/* Begin PBXFileReference section */
		E14A03D21F80A00D00053432 /* ProtocolExample.app */ = {isa = PBXFileReference; explicitFileType = wrapper.application; includeInIndex = 0; path = ProtocolExample.app; sourceTree = BUILT_PRODUCTS_DIR; };
		E14A03D51F80A00D00053432 /* AppDelegate.swift */ = {isa = PBXFileReference; lastKnownFileType = sourcecode.swift; path = AppDelegate.swift; sourceTree = "<group>"; };
		E14A03D71F80A00D00053432 /* ViewController.swift */ = {isa = PBXFileReference; lastKnownFileType = sourcecode.swift; path = ViewController.swift; sourceTree = "<group>"; };
		E14A03DA1F80A00D00053432 /* Base */ = {isa = PBXFileReference; lastKnownFileType = file.storyboard; name = Base; path = Base.lproj/Main.storyboard; sourceTree = "<group>"; };
		E14A03DC1F80A00D00053432 /* Assets.xcassets */ = {isa = PBXFileReference; lastKnownFileType = folder.assetcatalog; path = Assets.xcassets; sourceTree = "<group>"; };
		E14A03DF1F80A00D00053432 /* Base */ = {isa = PBXFileReference; lastKnownFileType = file.storyboard; name = Base; path = Base.lproj/LaunchScreen.storyboard; sourceTree = "<group>"; };
		E14A03E11F80A00D00053432 /* Info.plist */ = {isa = PBXFileReference; lastKnownFileType = text.plist.xml; path = Info.plist; sourceTree = "<group>"; };
/* End PBXFileReference section */

/* Begin PBXFrameworksBuildPhase section */
		E14A03CF1F80A00D00053432 /* Frameworks */ = {
			isa = PBXFrameworksBuildPhase;
			buildActionMask = 2147483647;
			files = (
			);
			runOnlyForDeploymentPostprocessing = 0;
		};
/* End PBXFrameworksBuildPhase section */

/* Begin PBXGroup section */
		E14A03C91F80A00D00053432 = {
			isa = PBXGroup;
			children = (
				E14A03D41F80A00D00053432 /* ProtocolExample */,
				E14A03D31F80A00D00053432 /* Products */,
			);
			sourceTree = "<group>";
		};
		E14A03D31F80A00D00053432 /* Products */ = {
			isa = PBXGroup;
			children = (
				E14A03D21F80A00D00053432 /* ProtocolExample.app */,
			);
			name = Products;
			sourceTree = "<group>";
		};
		E14A03D41F80A00D00053432 /* ProtocolExample */ = {
			isa = PBXGroup;
			children = (
				E14A03D51F80A00D00053432 /* AppDelegate.swift */,
				E14A03D71F80A00D00053432 /* ViewController.swift */,
				E14A03D91F80A00D00053432 /* Main.storyboard */,
				E14A03DC1F80A00D00053432 /* Assets.xcassets */,
				E14A03DE1F80A00D00053432 /* LaunchScreen.storyboard */,
				E14A03E11F80A00D00053432 /* Info.plist */,
			);
			path = ProtocolExample;
			sourceTree = "<group>";
		};
/* End PBXGroup section */

/* Begin PBXNativeTarget section */
		E14A03D11F80A00D00053432 /* ProtocolExample */ = {
			isa = PBXNativeTarget;
			buildConfigurationList = E14A03E41F80A00D00053432 /* Build configuration list for PBXNativeTarget "ProtocolExample" */;
			buildPhases = (
				E14A03CE1F80A00D00053432 /* Sources */,
				E14A03CF1F80A00D00053432 /* Frameworks */,
				E14A03D01F80A00D00053432 /* Resources */,
			);
			buildRules = (
			);
			dependencies = (
			);
			name = ProtocolExample;
			productName = ProtocolExample;
			productReference = E14A03D21F80A00D00053432 /* ProtocolExample.app */;
			productType = "com.apple.product-type.application";
		};
/* End PBXNativeTarget section */

/* Begin PBXProject section */
		E14A03CA1F80A00D00053432 /* Project object */ = {
			isa = PBXProject;
			attributes = {
				LastSwiftUpdateCheck = 0830;
				LastUpgradeCheck = 0830;
				ORGANIZATIONNAME = Rajkumar;
				TargetAttributes = {
					E14A03D11F80A00D00053432 = {
						CreatedOnToolsVersion = 8.3.3;
						ProvisioningStyle = Automatic;
					};
				};
			};
			buildConfigurationList = E14A03CD1F80A00D00053432 /* Build configuration list for PBXProject "ProtocolExample" */;
			compatibilityVersion = "Xcode 3.2";
			developmentRegion = English;
			hasScannedForEncodings = 0;
			knownRegions = (
				en,
				Base,
			);
			mainGroup = E14A03C91F80A00D00053432;
			productRefGroup = E14A03D31F80A00D00053432 /* Products */;
			projectDirPath = "";
			projectRoot = "";
			targets = (
				E14A03D11F80A00D00053432 /* ProtocolExample */,
			);
		};
/* End PBXProject section */

/* Begin PBXResourcesBuildPhase section */
		E14A03D01F80A00D00053432 /* Resources */ = {
			isa = PBXResourcesBuildPhase;
			buildActionMask = 2147483647;
			files = (
				E14A03E01F80A00D00053432 /* LaunchScreen.storyboard in Resources */,
				E14A03DD1F80A00D00053432 /* Assets.xcassets in Resources */,
				E14A03DB1F80A00D00053432 /* Main.storyboard in Resources */,
			);
			runOnlyForDeploymentPostprocessing = 0;
		};
/* End PBXResourcesBuildPhase section */

/* Begin PBXSourcesBuildPhase section */
		E14A03CE1F80A00D00053432 /* Sources */ = {
			isa = PBXSourcesBuildPhase;
			buildActionMask = 2147483647;
			files = (
				E14A03D81F80A00D00053432 /* ViewController.swift in Sources */,
				E14A03D61F80A00D00053432 /* AppDelegate.swift in Sources */,
			);
			runOnlyForDeploymentPostprocessing = 0;
		};
/* End PBXSourcesBuildPhase section */

/* Begin PBXVariantGroup section */
		E14A03D91F80A00D00053432 /* Main.storyboard */ = {
			isa = PBXVariantGroup;
			children = (
				E14A03DA1F80A00D00053432 /* Base */,
			);
			name = Main.storyboard;
			sourceTree = "<group>";
		};
		E14A03DE1F80A00D00053432 /* LaunchScreen.storyboard */ = {
			isa = PBXVariantGroup;
			children = (
				E14A03DF1F80A00D00053432 /* Base */,
			);
			name = LaunchScreen.storyboard;
			sourceTree = "<group>";
		};
/* End PBXVariantGroup section */

/* Begin XCBuildConfiguration section */
		E14A03E21F80A00D00053432 /* Debug */ = {
			isa = XCBuildConfiguration;
			buildSettings = {
				ALWAYS_SEARCH_USER_PATHS = NO;
				CLANG_ANALYZER_NONNULL = YES;
				CLANG_ANALYZER_NUMBER_OBJECT_CONVERSION = YES_AGGRESSIVE;
				CLANG_CXX_LANGUAGE_STANDARD = "gnu++0x";
				CLANG_CXX_LIBRARY = "libc++";
				CLANG_ENABLE_MODULES = YES;
				CLANG_ENABLE_OBJC_ARC = YES;
				CLANG_WARN_BOOL_CONVERSION = YES;
				CLANG_WARN_CONSTANT_CONVERSION = YES;
				CLANG_WARN_DIRECT_OBJC_ISA_USAGE = YES_ERROR;
				CLANG_WARN_DOCUMENTATION_COMMENTS = YES;
				CLANG_WARN_EMPTY_BODY = YES;
				CLANG_WARN_ENUM_CONVERSION = YES;
				CLANG_WARN_INFINITE_RECURSION = YES;
				CLANG_WARN_INT_CONVERSION = YES;
				CLANG_WARN_OBJC_ROOT_CLASS = YES_ERROR;
				CLANG_WARN_SUSPICIOUS_MOVE = YES;
				CLANG_WARN_UNREACHABLE_CODE = YES;
				CLANG_WARN__DUPLICATE_METHOD_MATCH = YES;
				"CODE_SIGN_IDENTITY[sdk=iphoneos*]" = "iPhone Developer";
				COPY_PHASE_STRIP = NO;
				DEBUG_INFORMATION_FORMAT = dwarf;
				ENABLE_STRICT_OBJC_MSGSEND = YES;
				ENABLE_TESTABILITY = YES;
				GCC_C_LANGUAGE_STANDARD = gnu99;
				GCC_DYNAMIC_NO_PIC = NO;
				GCC_NO_COMMON_BLOCKS = YES;
				GCC_OPTIMIZATION_LEVEL = 0;
				GCC_PREPROCESSOR_DEFINITIONS = (
					"DEBUG=1",
					"$(inherited)",
				);
				GCC_WARN_64_TO_32_BIT_CONVERSION = YES;
				GCC_WARN_ABOUT_RETURN_TYPE = YES_ERROR;
				GCC_WARN_UNDECLARED_SELECTOR = YES;
				GCC_WARN_UNINITIALIZED_AUTOS = YES_AGGRESSIVE;
				GCC_WARN_UNUSED_FUNCTION = YES;
				GCC_WARN_UNUSED_VARIABLE = YES;
				IPHONEOS_DEPLOYMENT_TARGET = 10.3;
				MTL_ENABLE_DEBUG_INFO = YES;
				ONLY_ACTIVE_ARCH = YES;
				SDKROOT = iphoneos;
				SWIFT_ACTIVE_COMPILATION_CONDITIONS = DEBUG;
				SWIFT_OPTIMIZATION_LEVEL = "-Onone";
			};
			name = Debug;
		};
		E14A03E31F80A00D00053432 /* Release */ = {
			isa = XCBuildConfiguration;
			buildSettings = {
				ALWAYS_SEARCH_USER_PATHS = NO;
				CLANG_ANALYZER_NONNULL = YES;
				CLANG_ANALYZER_NUMBER_OBJECT_CONVERSION = YES_AGGRESSIVE;
				CLANG_CXX_LANGUAGE_STANDARD = "gnu++0x";
				CLANG_CXX_LIBRARY = "libc++";
				CLANG_ENABLE_MODULES = YES;
				CLANG_ENABLE_OBJC_ARC = YES;
				CLANG_WARN_BOOL_CONVERSION = YES;
				CLANG_WARN_CONSTANT_CONVERSION = YES;
				CLANG_WARN_DIRECT_OBJC_ISA_USAGE = YES_ERROR;
				CLANG_WARN_DOCUMENTATION_COMMENTS = YES;
				CLANG_WARN_EMPTY_BODY = YES;
				CLANG_WARN_ENUM_CONVERSION = YES;
				CLANG_WARN_INFINITE_RECURSION = YES;
				CLANG_WARN_INT_CONVERSION = YES;
				CLANG_WARN_OBJC_ROOT_CLASS = YES_ERROR;
				CLANG_WARN_SUSPICIOUS_MOVE = YES;
				CLANG_WARN_UNREACHABLE_CODE = YES;
				CLANG_WARN__DUPLICATE_METHOD_MATCH = YES;
				"CODE_SIGN_IDENTITY[sdk=iphoneos*]" = "iPhone Developer";
				COPY_PHASE_STRIP = NO;
				DEBUG_INFORMATION_FORMAT = "dwarf-with-dsym";
				ENABLE_NS_ASSERTIONS = NO;
				ENABLE_STRICT_OBJC_MSGSEND = YES;
				GCC_C_LANGUAGE_STANDARD = gnu99;
				GCC_NO_COMMON_BLOCKS = YES;
				GCC_WARN_64_TO_32_BIT_CONVERSION = YES;
				GCC_WARN_ABOUT_RETURN_TYPE = YES_ERROR;
				GCC_WARN_UNDECLARED_SELECTOR = YES;
				GCC_WARN_UNINITIALIZED_AUTOS = YES_AGGRESSIVE;
				GCC_WARN_UNUSED_FUNCTION = YES;
				GCC_WARN_UNUSED_VARIABLE = YES;
				IPHONEOS_DEPLOYMENT_TARGET = 10.3;
				MTL_ENABLE_DEBUG_INFO = NO;
				SDKROOT = iphoneos;
				SWIFT_OPTIMIZATION_LEVEL = "-Owholemodule";
				VALIDATE_PRODUCT = YES;
			};
			name = Release;
		};
		E14A03E51F80A00D00053432 /* Debug */ = {
			isa = XCBuildConfiguration;
			buildSettings = {
				ASSETCATALOG_COMPILER_APPICON_NAME = AppIcon;
				INFOPLIST_FILE = ProtocolExample/Info.plist;
				LD_RUNPATH_SEARCH_PATHS = "$(inherited) @executable_path/Frameworks";
				PRODUCT_BUNDLE_IDENTIFIER = com.rajkumar.ProtocolExample;
				PRODUCT_NAME = "$(TARGET_NAME)";
				SWIFT_VERSION = 3.0;
			};
			name = Debug;
		};
		E14A03E61F80A00D00053432 /* Release */ = {
			isa = XCBuildConfiguration;
			buildSettings = {
				ASSETCATALOG_COMPILER_APPICON_NAME = AppIcon;
				INFOPLIST_FILE = ProtocolExample/Info.plist;
				LD_RUNPATH_SEARCH_PATHS = "$(inherited) @executable_path/Frameworks";
				PRODUCT_BUNDLE_IDENTIFIER = com.rajkumar.ProtocolExample;
				PRODUCT_NAME = "$(TARGET_NAME)";
				SWIFT_VERSION = 3.0;
			};
			name = Release;
		};
/* End XCBuildConfiguration section */

/* Begin XCConfigurationList section */
		E14A03CD1F80A00D00053432 /* Build configuration list for PBXProject "ProtocolExample" */ = {
			isa = XCConfigurationList;
			buildConfigurations = (
				E14A03E21F80A00D00053432 /* Debug */,
				E14A03E31F80A00D00053432 /* Release */,
			);
			defaultConfigurationIsVisible = 0;
			defaultConfigurationName = Release;
		};
		E14A03E41F80A00D00053432 /* Build configuration list for PBXNativeTarget "ProtocolExample" */ = {
			isa = XCConfigurationList;
			buildConfigurations = (
				E14A03E51F80A00D00053432 /* Debug */,
				E14A03E61F80A00D00053432 /* Release */,
			);
			defaultConfigurationIsVisible = 0;
		};
/* End XCConfigurationList section */
	};
	rootObject = E14A03CA1F80A00D00053432 /* Project object */;
}
